
Microsoft Visual Studio Solution File, Format Version 12.00
# Visual Studio Version 16
VisualStudioVersion = 16.0.31729.503
MinimumVisualStudioVersion = 10.0.40219.1
Project("{FAE04EC0-301F-11D3-BF4B-00C04F79EFBC}") = "EagerEnumeration", "EagerEnumeration\EagerEnumeration.csproj", "{64F1690A-2C7B-40B1-B19A-ECEF68232A84}"
EndProject
Global
	GlobalSection(SolutionConfigurationPlatforms) = preSolution
		Debug|Any CPU = Debug|Any CPU
		Release|Any CPU = Release|Any CPU
	EndGlobalSection
	GlobalSection(ProjectConfigurationPlatforms) = postSolution
		{64F1690A-2C7B-40B1-B19A-ECEF68232A84}.Debug|Any CPU.ActiveCfg = Debug|Any CPU
		{64F1690A-2C7B-40B1-B19A-ECEF68232A84}.Debug|Any CPU.Build.0 = Debug|Any CPU
		{64F1690A-2C7B-40B1-B19A-ECEF68232A84}.Release|Any CPU.ActiveCfg = Release|Any CPU
		{64F1690A-2C7B-40B1-B19A-ECEF68232A84}.Release|Any CPU.Build.0 = Release|Any CPU
	EndGlobalSection
	GlobalSection(SolutionProperties) = preSolution
		HideSolutionNode = FALSE
	EndGlobalSection
	GlobalSection(ExtensibilityGlobals) = postSolution
		SolutionGuid = {D8C7C9CE-5436-4B4A-9E34-B3FC8C2777E8}
	EndGlobalSection
EndGlobal
